
Microsoft Visual Studio Solution File, Format Version 12.00
# Visual Studio Version 17
VisualStudioVersion = 17.14.35906.104 d17.14
MinimumVisualStudioVersion = 10.0.40219.1
Project("{FAE04EC0-301F-11D3-BF4B-00C04F79EFBC}") = "LMS", "LMS\LMS.csproj", "{65AC6F96-FB1E-4A2F-878A-44F574D8D014}"
EndProject
Global
	GlobalSection(SolutionConfigurationPlatforms) = preSolution
		Debug|Any CPU = Debug|Any CPU
		Release|Any CPU = Release|Any CPU
	EndGlobalSection
	GlobalSection(ProjectConfigurationPlatforms) = postSolution
		{65AC6F96-FB1E-4A2F-878A-44F574D8D014}.Debug|Any CPU.ActiveCfg = Debug|Any CPU
		{65AC6F96-FB1E-4A2F-878A-44F574D8D014}.Debug|Any CPU.Build.0 = Debug|Any CPU
		{65AC6F96-FB1E-4A2F-878A-44F574D8D014}.Release|Any CPU.ActiveCfg = Release|Any CPU
		{65AC6F96-FB1E-4A2F-878A-44F574D8D014}.Release|Any CPU.Build.0 = Release|Any CPU
	EndGlobalSection
	GlobalSection(SolutionProperties) = preSolution
		HideSolutionNode = FALSE
	EndGlobalSection
	GlobalSection(ExtensibilityGlobals) = postSolution
		SolutionGuid = {C30A75F4-0F7D-4B8F-9E69-8A24B062E6EC}
	EndGlobalSection
EndGlobal
