
Microsoft Visual Studio Solution File, Format Version 12.00
# Visual Studio Version 17
VisualStudioVersion = 17.14.35906.104 d17.14
MinimumVisualStudioVersion = 10.0.40219.1
Project("{FAE04EC0-301F-11D3-BF4B-00C04F79EFBC}") = "5_Arrays", "5_Arrays\5_Arrays.csproj", "{EDE13996-F29A-4537-A4ED-14F7E9CB2C11}"
EndProject
Global
	GlobalSection(SolutionConfigurationPlatforms) = preSolution
		Debug|Any CPU = Debug|Any CPU
		Release|Any CPU = Release|Any CPU
	EndGlobalSection
	GlobalSection(ProjectConfigurationPlatforms) = postSolution
		{EDE13996-F29A-4537-A4ED-14F7E9CB2C11}.Debug|Any CPU.ActiveCfg = Debug|Any CPU
		{EDE13996-F29A-4537-A4ED-14F7E9CB2C11}.Debug|Any CPU.Build.0 = Debug|Any CPU
		{EDE13996-F29A-4537-A4ED-14F7E9CB2C11}.Release|Any CPU.ActiveCfg = Release|Any CPU
		{EDE13996-F29A-4537-A4ED-14F7E9CB2C11}.Release|Any CPU.Build.0 = Release|Any CPU
	EndGlobalSection
	GlobalSection(SolutionProperties) = preSolution
		HideSolutionNode = FALSE
	EndGlobalSection
	GlobalSection(ExtensibilityGlobals) = postSolution
		SolutionGuid = {F6346793-44D8-4D3B-BA73-F813F24B1D37}
	EndGlobalSection
EndGlobal
