
Microsoft Visual Studio Solution File, Format Version 12.00
# Visual Studio Version 17
VisualStudioVersion = 17.14.35906.104 d17.14
MinimumVisualStudioVersion = 10.0.40219.1
Project("{FAE04EC0-301F-11D3-BF4B-00C04F79EFBC}") = "11_OOPs_Abstraction", "11_OOPs_Abstraction\11_OOPs_Abstraction.csproj", "{C309492C-C43C-4367-B4AF-5F4CCF274B49}"
EndProject
Global
	GlobalSection(SolutionConfigurationPlatforms) = preSolution
		Debug|Any CPU = Debug|Any CPU
		Release|Any CPU = Release|Any CPU
	EndGlobalSection
	GlobalSection(ProjectConfigurationPlatforms) = postSolution
		{C309492C-C43C-4367-B4AF-5F4CCF274B49}.Debug|Any CPU.ActiveCfg = Debug|Any CPU
		{C309492C-C43C-4367-B4AF-5F4CCF274B49}.Debug|Any CPU.Build.0 = Debug|Any CPU
		{C309492C-C43C-4367-B4AF-5F4CCF274B49}.Release|Any CPU.ActiveCfg = Release|Any CPU
		{C309492C-C43C-4367-B4AF-5F4CCF274B49}.Release|Any CPU.Build.0 = Release|Any CPU
	EndGlobalSection
	GlobalSection(SolutionProperties) = preSolution
		HideSolutionNode = FALSE
	EndGlobalSection
	GlobalSection(ExtensibilityGlobals) = postSolution
		SolutionGuid = {2BE8A63C-5338-43A8-A138-CFECDF30C3CC}
	EndGlobalSection
EndGlobal
