
Microsoft Visual Studio Solution File, Format Version 12.00
# Visual Studio Version 17
VisualStudioVersion = 17.14.35906.104 d17.14
MinimumVisualStudioVersion = 10.0.40219.1
Project("{FAE04EC0-301F-11D3-BF4B-00C04F79EFBC}") = "7_OOPs", "7_OOPs\7_OOPs.csproj", "{387E264E-2DDA-4DCF-AC71-D5F9403875F9}"
EndProject
Global
	GlobalSection(SolutionConfigurationPlatforms) = preSolution
		Debug|Any CPU = Debug|Any CPU
		Release|Any CPU = Release|Any CPU
	EndGlobalSection
	GlobalSection(ProjectConfigurationPlatforms) = postSolution
		{387E264E-2DDA-4DCF-AC71-D5F9403875F9}.Debug|Any CPU.ActiveCfg = Debug|Any CPU
		{387E264E-2DDA-4DCF-AC71-D5F9403875F9}.Debug|Any CPU.Build.0 = Debug|Any CPU
		{387E264E-2DDA-4DCF-AC71-D5F9403875F9}.Release|Any CPU.ActiveCfg = Release|Any CPU
		{387E264E-2DDA-4DCF-AC71-D5F9403875F9}.Release|Any CPU.Build.0 = Release|Any CPU
	EndGlobalSection
	GlobalSection(SolutionProperties) = preSolution
		HideSolutionNode = FALSE
	EndGlobalSection
	GlobalSection(ExtensibilityGlobals) = postSolution
		SolutionGuid = {3A89CC8B-28B8-4009-BD93-5C8034C1E983}
	EndGlobalSection
EndGlobal
